
Microsoft Visual Studio Solution File, Format Version 12.00
# Visual Studio Version 17
VisualStudioVersion = 17.14.36127.28 d17.14
MinimumVisualStudioVersion = 10.0.40219.1
Project("{FAE04EC0-301F-11D3-BF4B-00C04F79EFBC}") = "Kavez.PKCE.Api", "Kavez.PKCE.Api\Kavez.PKCE.Api.csproj", "{7CCEE7B3-EF86-45A2-AEC3-5340497869A3}"
EndProject
Global
	GlobalSection(SolutionConfigurationPlatforms) = preSolution
		Debug|Any CPU = Debug|Any CPU
		Release|Any CPU = Release|Any CPU
	EndGlobalSection
	GlobalSection(ProjectConfigurationPlatforms) = postSolution
		{7CCEE7B3-EF86-45A2-AEC3-5340497869A3}.Debug|Any CPU.ActiveCfg = Debug|Any CPU
		{7CCEE7B3-EF86-45A2-AEC3-5340497869A3}.Debug|Any CPU.Build.0 = Debug|Any CPU
		{7CCEE7B3-EF86-45A2-AEC3-5340497869A3}.Release|Any CPU.ActiveCfg = Release|Any CPU
		{7CCEE7B3-EF86-45A2-AEC3-5340497869A3}.Release|Any CPU.Build.0 = Release|Any CPU
	EndGlobalSection
	GlobalSection(SolutionProperties) = preSolution
		HideSolutionNode = FALSE
	EndGlobalSection
	GlobalSection(ExtensibilityGlobals) = postSolution
		SolutionGuid = {BACDACE1-AAB3-44C1-A1BF-BD7632F36B59}
	EndGlobalSection
EndGlobal
